
Microsoft Visual Studio Solution File, Format Version 12.00
# Visual Studio 15
VisualStudioVersion = 15.0.28010.2046
MinimumVisualStudioVersion = 10.0.40219.1
Project("{FAE04EC0-301F-11D3-BF4B-00C04F79EFBC}") = "Dtc.ArgsParser", "Dtc.ArgsParser\Dtc.ArgsParser.csproj", "{499B9156-98CC-4D23-A64A-E5367F16BB04}"
EndProject
Project("{FAE04EC0-301F-11D3-BF4B-00C04F79EFBC}") = "Dtc.ArgsParser.Tests", "Dtc.ArgsParser.Tests\Dtc.ArgsParser.Tests.csproj", "{6EC47699-A5A2-4F45-8F65-841A3142FA70}"
	ProjectSection(ProjectDependencies) = postProject
		{499B9156-98CC-4D23-A64A-E5367F16BB04} = {499B9156-98CC-4D23-A64A-E5367F16BB04}
	EndProjectSection
EndProject
Project("{FAE04EC0-301F-11D3-BF4B-00C04F79EFBC}") = "Dtc.IO", "Dtc.IO\Dtc.IO.csproj", "{A1A2A7C0-8DA7-4784-A7BB-C3586515886C}"
	ProjectSection(ProjectDependencies) = postProject
		{940FA591-EDF7-47C4-B067-CDA8DB884074} = {940FA591-EDF7-47C4-B067-CDA8DB884074}
	EndProjectSection
EndProject
Project("{FAE04EC0-301F-11D3-BF4B-00C04F79EFBC}") = "Dtc.IO.Tests", "Dtc.IO.Tests\Dtc.IO.Tests.csproj", "{B6A6B9F9-54FF-4AEB-A37E-516E34446259}"
	ProjectSection(ProjectDependencies) = postProject
		{A1A2A7C0-8DA7-4784-A7BB-C3586515886C} = {A1A2A7C0-8DA7-4784-A7BB-C3586515886C}
	EndProjectSection
EndProject
Project("{FAE04EC0-301F-11D3-BF4B-00C04F79EFBC}") = "Dtc.Log", "Dtc.Log\Dtc.Log.csproj", "{B9D2BA8C-16DC-461E-8522-A3A930EF9FA4}"
	ProjectSection(ProjectDependencies) = postProject
		{940FA591-EDF7-47C4-B067-CDA8DB884074} = {940FA591-EDF7-47C4-B067-CDA8DB884074}
	EndProjectSection
EndProject
Project("{FAE04EC0-301F-11D3-BF4B-00C04F79EFBC}") = "Dtc.Common", "Dtc.Common\Dtc.Common.csproj", "{940FA591-EDF7-47C4-B067-CDA8DB884074}"
EndProject
Project("{FAE04EC0-301F-11D3-BF4B-00C04F79EFBC}") = "Dtc.Common.Tests", "Dtc.Common.Tests\Dtc.Common.Tests.csproj", "{4588B9A9-9149-4F44-9D34-7BF698DCC82E}"
EndProject
Global
	GlobalSection(SolutionConfigurationPlatforms) = preSolution
		Debug|Any CPU = Debug|Any CPU
		Release|Any CPU = Release|Any CPU
	EndGlobalSection
	GlobalSection(ProjectConfigurationPlatforms) = postSolution
		{499B9156-98CC-4D23-A64A-E5367F16BB04}.Debug|Any CPU.ActiveCfg = Debug|Any CPU
		{499B9156-98CC-4D23-A64A-E5367F16BB04}.Debug|Any CPU.Build.0 = Debug|Any CPU
		{499B9156-98CC-4D23-A64A-E5367F16BB04}.Release|Any CPU.ActiveCfg = Release|Any CPU
		{499B9156-98CC-4D23-A64A-E5367F16BB04}.Release|Any CPU.Build.0 = Release|Any CPU
		{6EC47699-A5A2-4F45-8F65-841A3142FA70}.Debug|Any CPU.ActiveCfg = Debug|Any CPU
		{6EC47699-A5A2-4F45-8F65-841A3142FA70}.Debug|Any CPU.Build.0 = Debug|Any CPU
		{6EC47699-A5A2-4F45-8F65-841A3142FA70}.Release|Any CPU.ActiveCfg = Release|Any CPU
		{6EC47699-A5A2-4F45-8F65-841A3142FA70}.Release|Any CPU.Build.0 = Release|Any CPU
		{A1A2A7C0-8DA7-4784-A7BB-C3586515886C}.Debug|Any CPU.ActiveCfg = Debug|Any CPU
		{A1A2A7C0-8DA7-4784-A7BB-C3586515886C}.Debug|Any CPU.Build.0 = Debug|Any CPU
		{A1A2A7C0-8DA7-4784-A7BB-C3586515886C}.Release|Any CPU.ActiveCfg = Release|Any CPU
		{A1A2A7C0-8DA7-4784-A7BB-C3586515886C}.Release|Any CPU.Build.0 = Release|Any CPU
		{B6A6B9F9-54FF-4AEB-A37E-516E34446259}.Debug|Any CPU.ActiveCfg = Debug|Any CPU
		{B6A6B9F9-54FF-4AEB-A37E-516E34446259}.Debug|Any CPU.Build.0 = Debug|Any CPU
		{B6A6B9F9-54FF-4AEB-A37E-516E34446259}.Release|Any CPU.ActiveCfg = Release|Any CPU
		{B6A6B9F9-54FF-4AEB-A37E-516E34446259}.Release|Any CPU.Build.0 = Release|Any CPU
		{B9D2BA8C-16DC-461E-8522-A3A930EF9FA4}.Debug|Any CPU.ActiveCfg = Debug|Any CPU
		{B9D2BA8C-16DC-461E-8522-A3A930EF9FA4}.Debug|Any CPU.Build.0 = Debug|Any CPU
		{B9D2BA8C-16DC-461E-8522-A3A930EF9FA4}.Release|Any CPU.ActiveCfg = Release|Any CPU
		{B9D2BA8C-16DC-461E-8522-A3A930EF9FA4}.Release|Any CPU.Build.0 = Release|Any CPU
		{940FA591-EDF7-47C4-B067-CDA8DB884074}.Debug|Any CPU.ActiveCfg = Debug|Any CPU
		{940FA591-EDF7-47C4-B067-CDA8DB884074}.Debug|Any CPU.Build.0 = Debug|Any CPU
		{940FA591-EDF7-47C4-B067-CDA8DB884074}.Release|Any CPU.ActiveCfg = Release|Any CPU
		{940FA591-EDF7-47C4-B067-CDA8DB884074}.Release|Any CPU.Build.0 = Release|Any CPU
		{4588B9A9-9149-4F44-9D34-7BF698DCC82E}.Debug|Any CPU.ActiveCfg = Debug|Any CPU
		{4588B9A9-9149-4F44-9D34-7BF698DCC82E}.Debug|Any CPU.Build.0 = Debug|Any CPU
		{4588B9A9-9149-4F44-9D34-7BF698DCC82E}.Release|Any CPU.ActiveCfg = Release|Any CPU
		{4588B9A9-9149-4F44-9D34-7BF698DCC82E}.Release|Any CPU.Build.0 = Release|Any CPU
	EndGlobalSection
	GlobalSection(SolutionProperties) = preSolution
		HideSolutionNode = FALSE
	EndGlobalSection
	GlobalSection(ExtensibilityGlobals) = postSolution
		SolutionGuid = {F76BA93C-9E3C-484D-9C44-872EAF20601F}
	EndGlobalSection
EndGlobal
